// !$*UTF8*$!
{
	archiveVersion = 1;
	classes = {
	};
	objectVersion = 46;
	objects = {

/* Begin PBXBuildFile section */
		0712914F1F1DB56100B37C4F /* ServerVC.swift in Sources */ = {isa = PBXBuildFile; fileRef = 0712914E1F1DB56100B37C4F /* ServerVC.swift */; };
		071291511F1DB56D00B37C4F /* ClientVC.swift in Sources */ = {isa = PBXBuildFile; fileRef = 071291501F1DB56D00B37C4F /* ClientVC.swift */; };
		0731E4DE1F1D9D9800437BDF /* Chess.swift in Sources */ = {isa = PBXBuildFile; fileRef = 0731E4DD1F1D9D9800437BDF /* Chess.swift */; };
		0731E4E01F1D9DD800437BDF /* Black.swift in Sources */ = {isa = PBXBuildFile; fileRef = 0731E4DF1F1D9DD800437BDF /* Black.swift */; };
		0731E4E21F1D9DE300437BDF /* White.swift in Sources */ = {isa = PBXBuildFile; fileRef = 0731E4E11F1D9DE300437BDF /* White.swift */; };
		078073FF1F1D987800A5169D /* AppDelegate.swift in Sources */ = {isa = PBXBuildFile; fileRef = 078073FE1F1D987800A5169D /* AppDelegate.swift */; };
		078074011F1D987800A5169D /* ViewController.swift in Sources */ = {isa = PBXBuildFile; fileRef = 078074001F1D987800A5169D /* ViewController.swift */; };
		078074041F1D987800A5169D /* Main.storyboard in Resources */ = {isa = PBXBuildFile; fileRef = 078074021F1D987800A5169D /* Main.storyboard */; };
		078074071F1D987800A5169D /* PracticeGomoku.xcdatamodeld in Sources */ = {isa = PBXBuildFile; fileRef = 078074051F1D987800A5169D /* PracticeGomoku.xcdatamodeld */; };
		078074091F1D987800A5169D /* Assets.xcassets in Resources */ = {isa = PBXBuildFile; fileRef = 078074081F1D987800A5169D /* Assets.xcassets */; };
		0780740C1F1D987800A5169D /* LaunchScreen.storyboard in Resources */ = {isa = PBXBuildFile; fileRef = 0780740A1F1D987800A5169D /* LaunchScreen.storyboard */; };
		078074171F1D987800A5169D /* PracticeGomokuTests.swift in Sources */ = {isa = PBXBuildFile; fileRef = 078074161F1D987800A5169D /* PracticeGomokuTests.swift */; };
		078074221F1D987800A5169D /* PracticeGomokuUITests.swift in Sources */ = {isa = PBXBuildFile; fileRef = 078074211F1D987800A5169D /* PracticeGomokuUITests.swift */; };
		919BB472BC416CB1F3CD0CD7 /* Pods_PracticeGomoku.framework in Frameworks */ = {isa = PBXBuildFile; fileRef = 84D16C824CB7DB0BE0146CF8 /* Pods_PracticeGomoku.framework */; };
/* End PBXBuildFile section */

/* Begin PBXContainerItemProxy section */
		078074131F1D987800A5169D /* PBXContainerItemProxy */ = {
			isa = PBXContainerItemProxy;
			containerPortal = 078073F31F1D987800A5169D /* Project object */;
			proxyType = 1;
			remoteGlobalIDString = 078073FA1F1D987800A5169D;
			remoteInfo = PracticeGomoku;
		};
		0780741E1F1D987800A5169D /* PBXContainerItemProxy */ = {
			isa = PBXContainerItemProxy;
			containerPortal = 078073F31F1D987800A5169D /* Project object */;
			proxyType = 1;
			remoteGlobalIDString = 078073FA1F1D987800A5169D;
			remoteInfo = PracticeGomoku;
		};
/* End PBXContainerItemProxy section */

/* Begin PBXFileReference section */
		0712914E1F1DB56100B37C4F /* ServerVC.swift */ = {isa = PBXFileReference; fileEncoding = 4; lastKnownFileType = sourcecode.swift; path = ServerVC.swift; sourceTree = "<group>"; };
		071291501F1DB56D00B37C4F /* ClientVC.swift */ = {isa = PBXFileReference; fileEncoding = 4; lastKnownFileType = sourcecode.swift; path = ClientVC.swift; sourceTree = "<group>"; };
		0731E4DD1F1D9D9800437BDF /* Chess.swift */ = {isa = PBXFileReference; fileEncoding = 4; lastKnownFileType = sourcecode.swift; path = Chess.swift; sourceTree = "<group>"; };
		0731E4DF1F1D9DD800437BDF /* Black.swift */ = {isa = PBXFileReference; fileEncoding = 4; lastKnownFileType = sourcecode.swift; path = Black.swift; sourceTree = "<group>"; };
		0731E4E11F1D9DE300437BDF /* White.swift */ = {isa = PBXFileReference; fileEncoding = 4; lastKnownFileType = sourcecode.swift; path = White.swift; sourceTree = "<group>"; };
		078073FB1F1D987800A5169D /* PracticeGomoku.app */ = {isa = PBXFileReference; explicitFileType = wrapper.application; includeInIndex = 0; path = PracticeGomoku.app; sourceTree = BUILT_PRODUCTS_DIR; };
		078073FE1F1D987800A5169D /* AppDelegate.swift */ = {isa = PBXFileReference; lastKnownFileType = sourcecode.swift; path = AppDelegate.swift; sourceTree = "<group>"; };
		078074001F1D987800A5169D /* ViewController.swift */ = {isa = PBXFileReference; lastKnownFileType = sourcecode.swift; path = ViewController.swift; sourceTree = "<group>"; };
		078074031F1D987800A5169D /* Base */ = {isa = PBXFileReference; lastKnownFileType = file.storyboard; name = Base; path = Base.lproj/Main.storyboard; sourceTree = "<group>"; };
		078074061F1D987800A5169D /* PracticeGomoku.xcdatamodel */ = {isa = PBXFileReference; lastKnownFileType = wrapper.xcdatamodel; path = PracticeGomoku.xcdatamodel; sourceTree = "<group>"; };
		078074081F1D987800A5169D /* Assets.xcassets */ = {isa = PBXFileReference; lastKnownFileType = folder.assetcatalog; path = Assets.xcassets; sourceTree = "<group>"; };
		0780740B1F1D987800A5169D /* Base */ = {isa = PBXFileReference; lastKnownFileType = file.storyboard; name = Base; path = Base.lproj/LaunchScreen.storyboard; sourceTree = "<group>"; };
		0780740D1F1D987800A5169D /* Info.plist */ = {isa = PBXFileReference; lastKnownFileType = text.plist.xml; path = Info.plist; sourceTree = "<group>"; };
		078074121F1D987800A5169D /* PracticeGomokuTests.xctest */ = {isa = PBXFileReference; explicitFileType = wrapper.cfbundle; includeInIndex = 0; path = PracticeGomokuTests.xctest; sourceTree = BUILT_PRODUCTS_DIR; };
		078074161F1D987800A5169D /* PracticeGomokuTests.swift */ = {isa = PBXFileReference; lastKnownFileType = sourcecode.swift; path = PracticeGomokuTests.swift; sourceTree = "<group>"; };
		078074181F1D987800A5169D /* Info.plist */ = {isa = PBXFileReference; lastKnownFileType = text.plist.xml; path = Info.plist; sourceTree = "<group>"; };
		0780741D1F1D987800A5169D /* PracticeGomokuUITests.xctest */ = {isa = PBXFileReference; explicitFileType = wrapper.cfbundle; includeInIndex = 0; path = PracticeGomokuUITests.xctest; sourceTree = BUILT_PRODUCTS_DIR; };
		078074211F1D987800A5169D /* PracticeGomokuUITests.swift */ = {isa = PBXFileReference; lastKnownFileType = sourcecode.swift; path = PracticeGomokuUITests.swift; sourceTree = "<group>"; };
		078074231F1D987800A5169D /* Info.plist */ = {isa = PBXFileReference; lastKnownFileType = text.plist.xml; path = Info.plist; sourceTree = "<group>"; };
		84D16C824CB7DB0BE0146CF8 /* Pods_PracticeGomoku.framework */ = {isa = PBXFileReference; explicitFileType = wrapper.framework; includeInIndex = 0; path = Pods_PracticeGomoku.framework; sourceTree = BUILT_PRODUCTS_DIR; };
		8535A6764F5117798DB93B06 /* Pods-PracticeGomoku.release.xcconfig */ = {isa = PBXFileReference; includeInIndex = 1; lastKnownFileType = text.xcconfig; name = "Pods-PracticeGomoku.release.xcconfig"; path = "Pods/Target Support Files/Pods-PracticeGomoku/Pods-PracticeGomoku.release.xcconfig"; sourceTree = "<group>"; };
		FA98E0E14FBF1C8570359CD2 /* Pods-PracticeGomoku.debug.xcconfig */ = {isa = PBXFileReference; includeInIndex = 1; lastKnownFileType = text.xcconfig; name = "Pods-PracticeGomoku.debug.xcconfig"; path = "Pods/Target Support Files/Pods-PracticeGomoku/Pods-PracticeGomoku.debug.xcconfig"; sourceTree = "<group>"; };
/* End PBXFileReference section */

/* Begin PBXFrameworksBuildPhase section */
		078073F81F1D987800A5169D /* Frameworks */ = {
			isa = PBXFrameworksBuildPhase;
			buildActionMask = 2147483647;
			files = (
				919BB472BC416CB1F3CD0CD7 /* Pods_PracticeGomoku.framework in Frameworks */,
			);
			runOnlyForDeploymentPostprocessing = 0;
		};
		0780740F1F1D987800A5169D /* Frameworks */ = {
			isa = PBXFrameworksBuildPhase;
			buildActionMask = 2147483647;
			files = (
			);
			runOnlyForDeploymentPostprocessing = 0;
		};
		0780741A1F1D987800A5169D /* Frameworks */ = {
			isa = PBXFrameworksBuildPhase;
			buildActionMask = 2147483647;
			files = (
			);
			runOnlyForDeploymentPostprocessing = 0;
		};
/* End PBXFrameworksBuildPhase section */

/* Begin PBXGroup section */
		0731E4DB1F1D9C9500437BDF /* View */ = {
			isa = PBXGroup;
			children = (
				078074001F1D987800A5169D /* ViewController.swift */,
				078074021F1D987800A5169D /* Main.storyboard */,
				078074081F1D987800A5169D /* Assets.xcassets */,
				0780740A1F1D987800A5169D /* LaunchScreen.storyboard */,
				0712914E1F1DB56100B37C4F /* ServerVC.swift */,
				071291501F1DB56D00B37C4F /* ClientVC.swift */,
			);
			name = View;
			sourceTree = "<group>";
		};
		0731E4DC1F1D9D4100437BDF /* Chess */ = {
			isa = PBXGroup;
			children = (
				0731E4DD1F1D9D9800437BDF /* Chess.swift */,
				0731E4DF1F1D9DD800437BDF /* Black.swift */,
				0731E4E11F1D9DE300437BDF /* White.swift */,
			);
			name = Chess;
			sourceTree = "<group>";
		};
		078073F21F1D987800A5169D = {
			isa = PBXGroup;
			children = (
				078073FD1F1D987800A5169D /* PracticeGomoku */,
				078074151F1D987800A5169D /* PracticeGomokuTests */,
				078074201F1D987800A5169D /* PracticeGomokuUITests */,
				078073FC1F1D987800A5169D /* Products */,
				ACAAD21717DCBA7A48476AB1 /* Pods */,
				2BCC301096495CF848F8363F /* Frameworks */,
			);
			sourceTree = "<group>";
		};
		078073FC1F1D987800A5169D /* Products */ = {
			isa = PBXGroup;
			children = (
				078073FB1F1D987800A5169D /* PracticeGomoku.app */,
				078074121F1D987800A5169D /* PracticeGomokuTests.xctest */,
				0780741D1F1D987800A5169D /* PracticeGomokuUITests.xctest */,
			);
			name = Products;
			sourceTree = "<group>";
		};
		078073FD1F1D987800A5169D /* PracticeGomoku */ = {
			isa = PBXGroup;
			children = (
				0731E4DC1F1D9D4100437BDF /* Chess */,
				0731E4DB1F1D9C9500437BDF /* View */,
				078073FE1F1D987800A5169D /* AppDelegate.swift */,
				0780740D1F1D987800A5169D /* Info.plist */,
				078074051F1D987800A5169D /* PracticeGomoku.xcdatamodeld */,
			);
			path = PracticeGomoku;
			sourceTree = "<group>";
		};
		078074151F1D987800A5169D /* PracticeGomokuTests */ = {
			isa = PBXGroup;
			children = (
				078074161F1D987800A5169D /* PracticeGomokuTests.swift */,
				078074181F1D987800A5169D /* Info.plist */,
			);
			path = PracticeGomokuTests;
			sourceTree = "<group>";
		};
		078074201F1D987800A5169D /* PracticeGomokuUITests */ = {
			isa = PBXGroup;
			children = (
				078074211F1D987800A5169D /* PracticeGomokuUITests.swift */,
				078074231F1D987800A5169D /* Info.plist */,
			);
			path = PracticeGomokuUITests;
			sourceTree = "<group>";
		};
		2BCC301096495CF848F8363F /* Frameworks */ = {
			isa = PBXGroup;
			children = (
				84D16C824CB7DB0BE0146CF8 /* Pods_PracticeGomoku.framework */,
			);
			name = Frameworks;
			sourceTree = "<group>";
		};
		ACAAD21717DCBA7A48476AB1 /* Pods */ = {
			isa = PBXGroup;
			children = (
				FA98E0E14FBF1C8570359CD2 /* Pods-PracticeGomoku.debug.xcconfig */,
				8535A6764F5117798DB93B06 /* Pods-PracticeGomoku.release.xcconfig */,
			);
			name = Pods;
			sourceTree = "<group>";
		};
/* End PBXGroup section */

/* Begin PBXNativeTarget section */
		078073FA1F1D987800A5169D /* PracticeGomoku */ = {
			isa = PBXNativeTarget;
			buildConfigurationList = 078074261F1D987800A5169D /* Build configuration list for PBXNativeTarget "PracticeGomoku" */;
			buildPhases = (
				B5A08E5FF49E5F156409097E /* [CP] Check Pods Manifest.lock */,
				078073F71F1D987800A5169D /* Sources */,
				078073F81F1D987800A5169D /* Frameworks */,
				078073F91F1D987800A5169D /* Resources */,
				2DEC2E9B2491E025F8F1D1E4 /* [CP] Embed Pods Frameworks */,
				9C6B71D68BB44006DC956043 /* [CP] Copy Pods Resources */,
			);
			buildRules = (
			);
			dependencies = (
			);
			name = PracticeGomoku;
			productName = PracticeGomoku;
			productReference = 078073FB1F1D987800A5169D /* PracticeGomoku.app */;
			productType = "com.apple.product-type.application";
		};
		078074111F1D987800A5169D /* PracticeGomokuTests */ = {
			isa = PBXNativeTarget;
			buildConfigurationList = 078074291F1D987800A5169D /* Build configuration list for PBXNativeTarget "PracticeGomokuTests" */;
			buildPhases = (
				0780740E1F1D987800A5169D /* Sources */,
				0780740F1F1D987800A5169D /* Frameworks */,
				078074101F1D987800A5169D /* Resources */,
			);
			buildRules = (
			);
			dependencies = (
				078074141F1D987800A5169D /* PBXTargetDependency */,
			);
			name = PracticeGomokuTests;
			productName = PracticeGomokuTests;
			productReference = 078074121F1D987800A5169D /* PracticeGomokuTests.xctest */;
			productType = "com.apple.product-type.bundle.unit-test";
		};
		0780741C1F1D987800A5169D /* PracticeGomokuUITests */ = {
			isa = PBXNativeTarget;
			buildConfigurationList = 0780742C1F1D987800A5169D /* Build configuration list for PBXNativeTarget "PracticeGomokuUITests" */;
			buildPhases = (
				078074191F1D987800A5169D /* Sources */,
				0780741A1F1D987800A5169D /* Frameworks */,
				0780741B1F1D987800A5169D /* Resources */,
			);
			buildRules = (
			);
			dependencies = (
				0780741F1F1D987800A5169D /* PBXTargetDependency */,
			);
			name = PracticeGomokuUITests;
			productName = PracticeGomokuUITests;
			productReference = 0780741D1F1D987800A5169D /* PracticeGomokuUITests.xctest */;
			productType = "com.apple.product-type.bundle.ui-testing";
		};
/* End PBXNativeTarget section */

/* Begin PBXProject section */
		078073F31F1D987800A5169D /* Project object */ = {
			isa = PBXProject;
			attributes = {
				LastSwiftUpdateCheck = 0720;
				LastUpgradeCheck = 0720;
				ORGANIZATIONNAME = yyh;
				TargetAttributes = {
					078073FA1F1D987800A5169D = {
						CreatedOnToolsVersion = 7.2.1;
						DevelopmentTeam = 9F33Y23PHC;
					};
					078074111F1D987800A5169D = {
						CreatedOnToolsVersion = 7.2.1;
						DevelopmentTeam = 9F33Y23PHC;
						TestTargetID = 078073FA1F1D987800A5169D;
					};
					0780741C1F1D987800A5169D = {
						CreatedOnToolsVersion = 7.2.1;
						DevelopmentTeam = 9F33Y23PHC;
						TestTargetID = 078073FA1F1D987800A5169D;
					};
				};
			};
			buildConfigurationList = 078073F61F1D987800A5169D /* Build configuration list for PBXProject "PracticeGomoku" */;
			compatibilityVersion = "Xcode 3.2";
			developmentRegion = English;
			hasScannedForEncodings = 0;
			knownRegions = (
				en,
				Base,
			);
			mainGroup = 078073F21F1D987800A5169D;
			productRefGroup = 078073FC1F1D987800A5169D /* Products */;
			projectDirPath = "";
			projectRoot = "";
			targets = (
				078073FA1F1D987800A5169D /* PracticeGomoku */,
				078074111F1D987800A5169D /* PracticeGomokuTests */,
				0780741C1F1D987800A5169D /* PracticeGomokuUITests */,
			);
		};
/* End PBXProject section */

/* Begin PBXResourcesBuildPhase section */
		078073F91F1D987800A5169D /* Resources */ = {
			isa = PBXResourcesBuildPhase;
			buildActionMask = 2147483647;
			files = (
				0780740C1F1D987800A5169D /* LaunchScreen.storyboard in Resources */,
				078074091F1D987800A5169D /* Assets.xcassets in Resources */,
				078074041F1D987800A5169D /* Main.storyboard in Resources */,
			);
			runOnlyForDeploymentPostprocessing = 0;
		};
		078074101F1D987800A5169D /* Resources */ = {
			isa = PBXResourcesBuildPhase;
			buildActionMask = 2147483647;
			files = (
			);
			runOnlyForDeploymentPostprocessing = 0;
		};
		0780741B1F1D987800A5169D /* Resources */ = {
			isa = PBXResourcesBuildPhase;
			buildActionMask = 2147483647;
			files = (
			);
			runOnlyForDeploymentPostprocessing = 0;
		};
/* End PBXResourcesBuildPhase section */

/* Begin PBXShellScriptBuildPhase section */
		2DEC2E9B2491E025F8F1D1E4 /* [CP] Embed Pods Frameworks */ = {
			isa = PBXShellScriptBuildPhase;
			buildActionMask = 2147483647;
			files = (
			);
			inputPaths = (
			);
			name = "[CP] Embed Pods Frameworks";
			outputPaths = (
			);
			runOnlyForDeploymentPostprocessing = 0;
			shellPath = /bin/sh;
			shellScript = "\"${SRCROOT}/Pods/Target Support Files/Pods-PracticeGomoku/Pods-PracticeGomoku-frameworks.sh\"\n";
			showEnvVarsInLog = 0;
		};
		9C6B71D68BB44006DC956043 /* [CP] Copy Pods Resources */ = {
			isa = PBXShellScriptBuildPhase;
			buildActionMask = 2147483647;
			files = (
			);
			inputPaths = (
			);
			name = "[CP] Copy Pods Resources";
			outputPaths = (
			);
			runOnlyForDeploymentPostprocessing = 0;
			shellPath = /bin/sh;
			shellScript = "\"${SRCROOT}/Pods/Target Support Files/Pods-PracticeGomoku/Pods-PracticeGomoku-resources.sh\"\n";
			showEnvVarsInLog = 0;
		};
		B5A08E5FF49E5F156409097E /* [CP] Check Pods Manifest.lock */ = {
			isa = PBXShellScriptBuildPhase;
			buildActionMask = 2147483647;
			files = (
			);
			inputPaths = (
			);
			name = "[CP] Check Pods Manifest.lock";
			outputPaths = (
			);
			runOnlyForDeploymentPostprocessing = 0;
			shellPath = /bin/sh;
			shellScript = "diff \"${PODS_PODFILE_DIR_PATH}/Podfile.lock\" \"${PODS_ROOT}/Manifest.lock\" > /dev/null\nif [ $? != 0 ] ; then\n    # print error to STDERR\n    echo \"error: The sandbox is not in sync with the Podfile.lock. Run 'pod install' or update your CocoaPods installation.\" >&2\n    exit 1\nfi\n";
			showEnvVarsInLog = 0;
		};
/* End PBXShellScriptBuildPhase section */

/* Begin PBXSourcesBuildPhase section */
		078073F71F1D987800A5169D /* Sources */ = {
			isa = PBXSourcesBuildPhase;
			buildActionMask = 2147483647;
			files = (
				0712914F1F1DB56100B37C4F /* ServerVC.swift in Sources */,
				071291511F1DB56D00B37C4F /* ClientVC.swift in Sources */,
				0731E4E01F1D9DD800437BDF /* Black.swift in Sources */,
				0731E4DE1F1D9D9800437BDF /* Chess.swift in Sources */,
				078074071F1D987800A5169D /* PracticeGomoku.xcdatamodeld in Sources */,
				078074011F1D987800A5169D /* ViewController.swift in Sources */,
				078073FF1F1D987800A5169D /* AppDelegate.swift in Sources */,
				0731E4E21F1D9DE300437BDF /* White.swift in Sources */,
			);
			runOnlyForDeploymentPostprocessing = 0;
		};
		0780740E1F1D987800A5169D /* Sources */ = {
			isa = PBXSourcesBuildPhase;
			buildActionMask = 2147483647;
			files = (
				078074171F1D987800A5169D /* PracticeGomokuTests.swift in Sources */,
			);
			runOnlyForDeploymentPostprocessing = 0;
		};
		078074191F1D987800A5169D /* Sources */ = {
			isa = PBXSourcesBuildPhase;
			buildActionMask = 2147483647;
			files = (
				078074221F1D987800A5169D /* PracticeGomokuUITests.swift in Sources */,
			);
			runOnlyForDeploymentPostprocessing = 0;
		};
/* End PBXSourcesBuildPhase section */

/* Begin PBXTargetDependency section */
		078074141F1D987800A5169D /* PBXTargetDependency */ = {
			isa = PBXTargetDependency;
			target = 078073FA1F1D987800A5169D /* PracticeGomoku */;
			targetProxy = 078074131F1D987800A5169D /* PBXContainerItemProxy */;
		};
		0780741F1F1D987800A5169D /* PBXTargetDependency */ = {
			isa = PBXTargetDependency;
			target = 078073FA1F1D987800A5169D /* PracticeGomoku */;
			targetProxy = 0780741E1F1D987800A5169D /* PBXContainerItemProxy */;
		};
/* End PBXTargetDependency section */

/* Begin PBXVariantGroup section */
		078074021F1D987800A5169D /* Main.storyboard */ = {
			isa = PBXVariantGroup;
			children = (
				078074031F1D987800A5169D /* Base */,
			);
			name = Main.storyboard;
			sourceTree = "<group>";
		};
		0780740A1F1D987800A5169D /* LaunchScreen.storyboard */ = {
			isa = PBXVariantGroup;
			children = (
				0780740B1F1D987800A5169D /* Base */,
			);
			name = LaunchScreen.storyboard;
			sourceTree = "<group>";
		};
/* End PBXVariantGroup section */

/* Begin XCBuildConfiguration section */
		078074241F1D987800A5169D /* Debug */ = {
			isa = XCBuildConfiguration;
			buildSettings = {
				ALWAYS_SEARCH_USER_PATHS = NO;
				CLANG_CXX_LANGUAGE_STANDARD = "gnu++0x";
				CLANG_CXX_LIBRARY = "libc++";
				CLANG_ENABLE_MODULES = YES;
				CLANG_ENABLE_OBJC_ARC = YES;
				CLANG_WARN_BOOL_CONVERSION = YES;
				CLANG_WARN_CONSTANT_CONVERSION = YES;
				CLANG_WARN_DIRECT_OBJC_ISA_USAGE = YES_ERROR;
				CLANG_WARN_EMPTY_BODY = YES;
				CLANG_WARN_ENUM_CONVERSION = YES;
				CLANG_WARN_INT_CONVERSION = YES;
				CLANG_WARN_OBJC_ROOT_CLASS = YES_ERROR;
				CLANG_WARN_UNREACHABLE_CODE = YES;
				CLANG_WARN__DUPLICATE_METHOD_MATCH = YES;
				"CODE_SIGN_IDENTITY[sdk=iphoneos*]" = "iPhone Developer";
				COPY_PHASE_STRIP = NO;
				DEBUG_INFORMATION_FORMAT = dwarf;
				ENABLE_STRICT_OBJC_MSGSEND = YES;
				ENABLE_TESTABILITY = YES;
				GCC_C_LANGUAGE_STANDARD = gnu99;
				GCC_DYNAMIC_NO_PIC = NO;
				GCC_NO_COMMON_BLOCKS = YES;
				GCC_OPTIMIZATION_LEVEL = 0;
				GCC_PREPROCESSOR_DEFINITIONS = (
					"DEBUG=1",
					"$(inherited)",
				);
				GCC_WARN_64_TO_32_BIT_CONVERSION = YES;
				GCC_WARN_ABOUT_RETURN_TYPE = YES_ERROR;
				GCC_WARN_UNDECLARED_SELECTOR = YES;
				GCC_WARN_UNINITIALIZED_AUTOS = YES_AGGRESSIVE;
				GCC_WARN_UNUSED_FUNCTION = YES;
				GCC_WARN_UNUSED_VARIABLE = YES;
				IPHONEOS_DEPLOYMENT_TARGET = 9.2;
				MTL_ENABLE_DEBUG_INFO = YES;
				ONLY_ACTIVE_ARCH = YES;
				SDKROOT = iphoneos;
				SWIFT_OPTIMIZATION_LEVEL = "-Onone";
				TARGETED_DEVICE_FAMILY = "1,2";
			};
			name = Debug;
		};
		078074251F1D987800A5169D /* Release */ = {
			isa = XCBuildConfiguration;
			buildSettings = {
				ALWAYS_SEARCH_USER_PATHS = NO;
				CLANG_CXX_LANGUAGE_STANDARD = "gnu++0x";
				CLANG_CXX_LIBRARY = "libc++";
				CLANG_ENABLE_MODULES = YES;
				CLANG_ENABLE_OBJC_ARC = YES;
				CLANG_WARN_BOOL_CONVERSION = YES;
				CLANG_WARN_CONSTANT_CONVERSION = YES;
				CLANG_WARN_DIRECT_OBJC_ISA_USAGE = YES_ERROR;
				CLANG_WARN_EMPTY_BODY = YES;
				CLANG_WARN_ENUM_CONVERSION = YES;
				CLANG_WARN_INT_CONVERSION = YES;
				CLANG_WARN_OBJC_ROOT_CLASS = YES_ERROR;
				CLANG_WARN_UNREACHABLE_CODE = YES;
				CLANG_WARN__DUPLICATE_METHOD_MATCH = YES;
				"CODE_SIGN_IDENTITY[sdk=iphoneos*]" = "iPhone Developer";
				COPY_PHASE_STRIP = NO;
				DEBUG_INFORMATION_FORMAT = "dwarf-with-dsym";
				ENABLE_NS_ASSERTIONS = NO;
				ENABLE_STRICT_OBJC_MSGSEND = YES;
				GCC_C_LANGUAGE_STANDARD = gnu99;
				GCC_NO_COMMON_BLOCKS = YES;
				GCC_WARN_64_TO_32_BIT_CONVERSION = YES;
				GCC_WARN_ABOUT_RETURN_TYPE = YES_ERROR;
				GCC_WARN_UNDECLARED_SELECTOR = YES;
				GCC_WARN_UNINITIALIZED_AUTOS = YES_AGGRESSIVE;
				GCC_WARN_UNUSED_FUNCTION = YES;
				GCC_WARN_UNUSED_VARIABLE = YES;
				IPHONEOS_DEPLOYMENT_TARGET = 9.2;
				MTL_ENABLE_DEBUG_INFO = NO;
				SDKROOT = iphoneos;
				TARGETED_DEVICE_FAMILY = "1,2";
				VALIDATE_PRODUCT = YES;
			};
			name = Release;
		};
		078074271F1D987800A5169D /* Debug */ = {
			isa = XCBuildConfiguration;
			baseConfigurationReference = FA98E0E14FBF1C8570359CD2 /* Pods-PracticeGomoku.debug.xcconfig */;
			buildSettings = {
				ASSETCATALOG_COMPILER_APPICON_NAME = AppIcon;
				INFOPLIST_FILE = PracticeGomoku/Info.plist;
				IPHONEOS_DEPLOYMENT_TARGET = 8.0;
				LD_RUNPATH_SEARCH_PATHS = "$(inherited) @executable_path/Frameworks";
				PRODUCT_BUNDLE_IDENTIFIER = yyh.PracticeGomoku;
				PRODUCT_NAME = "$(TARGET_NAME)";
			};
			name = Debug;
		};
		078074281F1D987800A5169D /* Release */ = {
			isa = XCBuildConfiguration;
			baseConfigurationReference = 8535A6764F5117798DB93B06 /* Pods-PracticeGomoku.release.xcconfig */;
			buildSettings = {
				ASSETCATALOG_COMPILER_APPICON_NAME = AppIcon;
				INFOPLIST_FILE = PracticeGomoku/Info.plist;
				IPHONEOS_DEPLOYMENT_TARGET = 8.0;
				LD_RUNPATH_SEARCH_PATHS = "$(inherited) @executable_path/Frameworks";
				PRODUCT_BUNDLE_IDENTIFIER = yyh.PracticeGomoku;
				PRODUCT_NAME = "$(TARGET_NAME)";
			};
			name = Release;
		};
		0780742A1F1D987800A5169D /* Debug */ = {
			isa = XCBuildConfiguration;
			buildSettings = {
				BUNDLE_LOADER = "$(TEST_HOST)";
				INFOPLIST_FILE = PracticeGomokuTests/Info.plist;
				LD_RUNPATH_SEARCH_PATHS = "$(inherited) @executable_path/Frameworks @loader_path/Frameworks";
				PRODUCT_BUNDLE_IDENTIFIER = yyh.PracticeGomokuTests;
				PRODUCT_NAME = "$(TARGET_NAME)";
				TEST_HOST = "$(BUILT_PRODUCTS_DIR)/PracticeGomoku.app/PracticeGomoku";
			};
			name = Debug;
		};
		0780742B1F1D987800A5169D /* Release */ = {
			isa = XCBuildConfiguration;
			buildSettings = {
				BUNDLE_LOADER = "$(TEST_HOST)";
				INFOPLIST_FILE = PracticeGomokuTests/Info.plist;
				LD_RUNPATH_SEARCH_PATHS = "$(inherited) @executable_path/Frameworks @loader_path/Frameworks";
				PRODUCT_BUNDLE_IDENTIFIER = yyh.PracticeGomokuTests;
				PRODUCT_NAME = "$(TARGET_NAME)";
				TEST_HOST = "$(BUILT_PRODUCTS_DIR)/PracticeGomoku.app/PracticeGomoku";
			};
			name = Release;
		};
		0780742D1F1D987800A5169D /* Debug */ = {
			isa = XCBuildConfiguration;
			buildSettings = {
				INFOPLIST_FILE = PracticeGomokuUITests/Info.plist;
				LD_RUNPATH_SEARCH_PATHS = "$(inherited) @executable_path/Frameworks @loader_path/Frameworks";
				PRODUCT_BUNDLE_IDENTIFIER = yyh.PracticeGomokuUITests;
				PRODUCT_NAME = "$(TARGET_NAME)";
				TEST_TARGET_NAME = PracticeGomoku;
				USES_XCTRUNNER = YES;
			};
			name = Debug;
		};
		0780742E1F1D987800A5169D /* Release */ = {
			isa = XCBuildConfiguration;
			buildSettings = {
				INFOPLIST_FILE = PracticeGomokuUITests/Info.plist;
				LD_RUNPATH_SEARCH_PATHS = "$(inherited) @executable_path/Frameworks @loader_path/Frameworks";
				PRODUCT_BUNDLE_IDENTIFIER = yyh.PracticeGomokuUITests;
				PRODUCT_NAME = "$(TARGET_NAME)";
				TEST_TARGET_NAME = PracticeGomoku;
				USES_XCTRUNNER = YES;
			};
			name = Release;
		};
/* End XCBuildConfiguration section */

/* Begin XCConfigurationList section */
		078073F61F1D987800A5169D /* Build configuration list for PBXProject "PracticeGomoku" */ = {
			isa = XCConfigurationList;
			buildConfigurations = (
				078074241F1D987800A5169D /* Debug */,
				078074251F1D987800A5169D /* Release */,
			);
			defaultConfigurationIsVisible = 0;
			defaultConfigurationName = Release;
		};
		078074261F1D987800A5169D /* Build configuration list for PBXNativeTarget "PracticeGomoku" */ = {
			isa = XCConfigurationList;
			buildConfigurations = (
				078074271F1D987800A5169D /* Debug */,
				078074281F1D987800A5169D /* Release */,
			);
			defaultConfigurationIsVisible = 0;
			defaultConfigurationName = Release;
		};
		078074291F1D987800A5169D /* Build configuration list for PBXNativeTarget "PracticeGomokuTests" */ = {
			isa = XCConfigurationList;
			buildConfigurations = (
				0780742A1F1D987800A5169D /* Debug */,
				0780742B1F1D987800A5169D /* Release */,
			);
			defaultConfigurationIsVisible = 0;
			defaultConfigurationName = Release;
		};
		0780742C1F1D987800A5169D /* Build configuration list for PBXNativeTarget "PracticeGomokuUITests" */ = {
			isa = XCConfigurationList;
			buildConfigurations = (
				0780742D1F1D987800A5169D /* Debug */,
				0780742E1F1D987800A5169D /* Release */,
			);
			defaultConfigurationIsVisible = 0;
			defaultConfigurationName = Release;
		};
/* End XCConfigurationList section */

/* Begin XCVersionGroup section */
		078074051F1D987800A5169D /* PracticeGomoku.xcdatamodeld */ = {
			isa = XCVersionGroup;
			children = (
				078074061F1D987800A5169D /* PracticeGomoku.xcdatamodel */,
			);
			currentVersion = 078074061F1D987800A5169D /* PracticeGomoku.xcdatamodel */;
			path = PracticeGomoku.xcdatamodeld;
			sourceTree = "<group>";
			versionGroupType = wrapper.xcdatamodel;
		};
/* End XCVersionGroup section */
	};
	rootObject = 078073F31F1D987800A5169D /* Project object */;
}
